
Microsoft Visual Studio Solution File, Format Version 12.00
# Visual Studio Version 17
VisualStudioVersion = 17.11.35303.130
MinimumVisualStudioVersion = 10.0.40219.1
Project("{FAE04EC0-301F-11D3-BF4B-00C04F79EFBC}") = "Greengrocer_System", "Greengrocer_System\Greengrocer_System.csproj", "{D3F99613-5749-4E7B-8172-14BCE8C81DBC}"
EndProject
Global
	GlobalSection(SolutionConfigurationPlatforms) = preSolution
		Debug|Any CPU = Debug|Any CPU
		Release|Any CPU = Release|Any CPU
	EndGlobalSection
	GlobalSection(ProjectConfigurationPlatforms) = postSolution
		{D3F99613-5749-4E7B-8172-14BCE8C81DBC}.Debug|Any CPU.ActiveCfg = Debug|Any CPU
		{D3F99613-5749-4E7B-8172-14BCE8C81DBC}.Debug|Any CPU.Build.0 = Debug|Any CPU
		{D3F99613-5749-4E7B-8172-14BCE8C81DBC}.Release|Any CPU.ActiveCfg = Release|Any CPU
		{D3F99613-5749-4E7B-8172-14BCE8C81DBC}.Release|Any CPU.Build.0 = Release|Any CPU
	EndGlobalSection
	GlobalSection(SolutionProperties) = preSolution
		HideSolutionNode = FALSE
	EndGlobalSection
	GlobalSection(ExtensibilityGlobals) = postSolution
		SolutionGuid = {D2B3555A-93AA-40CE-998E-87A299251EBF}
	EndGlobalSection
EndGlobal
